
Microsoft Visual Studio Solution File, Format Version 12.00
# Visual Studio Version 17
VisualStudioVersion = 17.7.34221.43
MinimumVisualStudioVersion = 10.0.40219.1
Project("{8BC9CEB8-8B4A-11D0-8D11-00A0C91BC942}") = "al10", "al10\al10.vcxproj", "{94E74FCB-C6E1-4DAC-8683-EEE237EB2ADD}"
EndProject
Global
	GlobalSection(SolutionConfigurationPlatforms) = preSolution
		Debug|x64 = Debug|x64
		Debug|x86 = Debug|x86
		Release|x64 = Release|x64
		Release|x86 = Release|x86
	EndGlobalSection
	GlobalSection(ProjectConfigurationPlatforms) = postSolution
		{94E74FCB-C6E1-4DAC-8683-EEE237EB2ADD}.Debug|x64.ActiveCfg = Debug|x64
		{94E74FCB-C6E1-4DAC-8683-EEE237EB2ADD}.Debug|x64.Build.0 = Debug|x64
		{94E74FCB-C6E1-4DAC-8683-EEE237EB2ADD}.Debug|x86.ActiveCfg = Debug|Win32
		{94E74FCB-C6E1-4DAC-8683-EEE237EB2ADD}.Debug|x86.Build.0 = Debug|Win32
		{94E74FCB-C6E1-4DAC-8683-EEE237EB2ADD}.Release|x64.ActiveCfg = Release|x64
		{94E74FCB-C6E1-4DAC-8683-EEE237EB2ADD}.Release|x64.Build.0 = Release|x64
		{94E74FCB-C6E1-4DAC-8683-EEE237EB2ADD}.Release|x86.ActiveCfg = Release|Win32
		{94E74FCB-C6E1-4DAC-8683-EEE237EB2ADD}.Release|x86.Build.0 = Release|Win32
	EndGlobalSection
	GlobalSection(SolutionProperties) = preSolution
		HideSolutionNode = FALSE
	EndGlobalSection
	GlobalSection(ExtensibilityGlobals) = postSolution
		SolutionGuid = {349B2A88-75E4-4D18-B32C-25D41E95642B}
	EndGlobalSection
EndGlobal
